<?xml version="1.0" encoding="UTF-8" standalone="yes" ?>
<CodeBlocks_project_file>
	<FileVersion major="1" minor="6" />
	<Project>
		<Option title="EditorTexto" />
		<Option pch_mode="2" />
		<Option compiler="gcc" />
		<Build>
			<Target title="Debug">
				<Option output="bin/Debug/EditorTexto" prefix_auto="1" extension_auto="1" />
				<Option object_output="obj/Debug/" />
				<Option type="1" />
				<Option compiler="gcc" />
				<Compiler>
					<Add option="-g" />
<<<<<<< 6e832f5b91867dd6dd30ba64f6f0b3308aefe79b
					<Add directory="Z:/EditorCPP/include/" />
					<Add directory="Z:/EditorCPP/src/" />
=======
					<Add directory="F:/4oSemestreAtivo/Maligno/EditorCPP/include/" />
					<Add directory="F:/4oSemestreAtivo/Maligno/EditorCPP/src/" />
>>>>>>> String melhorada
				</Compiler>
				<Linker>
					<Add directory="Z:/EditorCPP/src/" />
					<Add directory="Z:/EditorCPP/include/" />
				</Linker>
			</Target>
			<Target title="Release">
				<Option output="bin/Release/EditorTexto" prefix_auto="1" extension_auto="1" />
				<Option object_output="obj/Release/" />
				<Option type="1" />
				<Option compiler="gcc" />
				<Compiler>
					<Add option="-O2" />
				</Compiler>
				<Linker>
					<Add option="-s" />
				</Linker>
			</Target>
		</Build>
		<Compiler>
			<Add option="-Wall" />
			<Add option="-fexceptions" />
		</Compiler>
		<Unit filename="include/Acao.h" />
		<Unit filename="include/ListaDuplaCirc.h" />
		<Unit filename="include/Pilha.h" />
		<Unit filename="include/String.h" />
		<Unit filename="main.cpp" />
		<Unit filename="src/Acao.cpp" />
		<Unit filename="src/ListaDuplaCirc.cpp" />
		<Unit filename="src/Pilha.cpp" />
		<Unit filename="src/String.cpp" />
		<Extensions>
			<code_completion />
			<envvars />
			<debugger />
		</Extensions>
	</Project>
</CodeBlocks_project_file>
