
Microsoft Visual Studio Solution File, Format Version 12.00
# Visual Studio 2013
VisualStudioVersion = 12.0.30501.0
MinimumVisualStudioVersion = 10.0.40219.1
Project("{8BC9CEB8-8B4A-11D0-8D11-00A0C91BC942}") = "EditorTexto", "EditorTexto\EditorTexto.vcxproj", "{759A5E13-DD4B-419C-AFF6-3B045A3A3655}"
EndProject
Global
	GlobalSection(SolutionConfigurationPlatforms) = preSolution
		Debug|Win32 = Debug|Win32
		Release|Win32 = Release|Win32
	EndGlobalSection
	GlobalSection(ProjectConfigurationPlatforms) = postSolution
		{759A5E13-DD4B-419C-AFF6-3B045A3A3655}.Debug|Win32.ActiveCfg = Debug|Win32
		{759A5E13-DD4B-419C-AFF6-3B045A3A3655}.Debug|Win32.Build.0 = Debug|Win32
		{759A5E13-DD4B-419C-AFF6-3B045A3A3655}.Release|Win32.ActiveCfg = Release|Win32
		{759A5E13-DD4B-419C-AFF6-3B045A3A3655}.Release|Win32.Build.0 = Release|Win32
	EndGlobalSection
	GlobalSection(SolutionProperties) = preSolution
		HideSolutionNode = FALSE
	EndGlobalSection
EndGlobal
